// !$*UTF8*$!
{
	archiveVersion = 1;
	classes = {
	};
	objectVersion = 46;
	objects = {

/* Begin PBXBuildFile section */
		0087D25512CD809F002CD69F /* CoreText.framework in Frameworks */ = {isa = PBXBuildFile; fileRef = 0087D25412CD809F002CD69F /* CoreText.framework */; };
		00CFDF6B1138442D0091E310 /* CoreGraphics.framework in Frameworks */ = {isa = PBXBuildFile; fileRef = 00CFDF6A1138442D0091E310 /* CoreGraphics.framework */; };
		C725E001121DAC8FFFFA18FF /* ImageIO.framework in Frameworks */ = {isa = PBXBuildFile; fileRef = 00CFDF6A1138442D0091FFFF /* ImageIO.framework */; };
		DDDDE001121DAC8FFFFADDDD /* MobileCoreServices.framework in Frameworks */ = {isa = PBXBuildFile; fileRef = DDDDDF6A1138442D0091DDDD /* MobileCoreServices.framework */; };
		1D60589F0D05DD5A006BFB54 /* Foundation.framework in Frameworks */ = {isa = PBXBuildFile; fileRef = 1D30AB110D05D00D00671497 /* Foundation.framework */; };
		1DF5F4E00D08C38300B7A737 /* UIKit.framework in Frameworks */ = {isa = PBXBuildFile; fileRef = 1DF5F4DF0D08C38300B7A737 /* UIKit.framework */; };
		28FD15000DC6FC520079059D /* OpenGLES.framework in Frameworks */ = {isa = PBXBuildFile; fileRef = 28FD14FF0DC6FC520079059D /* OpenGLES.framework */; };
		28FD15080DC6FC5B0079059D /* QuartzCore.framework in Frameworks */ = {isa = PBXBuildFile; fileRef = 28FD15070DC6FC5B0079059D /* QuartzCore.framework */; };
		C725DFFE121DAC7F00FA186B /* CoreMedia.framework in Frameworks */ = {isa = PBXBuildFile; fileRef = C727C02B121B400300192073 /* CoreMedia.framework */; settings = {
	ATTRIBUTES = (
		Weak,
	);
}; };
		C725E001121DAC8F00FA186B /* AVFoundation.framework in Frameworks */ = {isa = PBXBuildFile; fileRef = C725E000121DAC8F00FA186B /* AVFoundation.framework */; settings = {
	ATTRIBUTES = (
		Weak,
	);
}; };
		C727C02E121B400300192073 /* CoreVideo.framework in Frameworks */ = {isa = PBXBuildFile; fileRef = C727C02D121B400300192073 /* CoreVideo.framework */; settings = {
	ATTRIBUTES = (
		Weak,
	);
}; };
		C7FB19D6124BC0D70045AFD2 /* AudioToolbox.framework in Frameworks */ = {isa = PBXBuildFile; fileRef = C7FB19D5124BC0D70045AFD2 /* AudioToolbox.framework */; };
		00A66A361965AC8800B17EB3 /* Accelerate.framework in Frameworks */ = {isa = PBXBuildFile; fileRef = 00A66A351965AC8800B17EB3 /* Accelerate.framework */; };
		00748058165D41390024B57A /* assets in Resources */ = {isa = PBXBuildFile; fileRef = 00748057165D41390024B57A /* assets */; };
		9AB7A1E2B7E947BE9A33C6FF /* Watchdog.h in Headers */ = {isa = PBXBuildFile; fileRef = DA4BA65893DB499396CD074E /* Watchdog.h */; };
		08BBE15F0A5F4FEBA267B034 /* KdTree.h in Headers */ = {isa = PBXBuildFile; fileRef = 1CC35CAFC8934B409EEED6B1 /* KdTree.h */; };
		23A887D84C464890815EAD6F /* HashTable.h in Headers */ = {isa = PBXBuildFile; fileRef = EE19F4A67A1B4D8AB8D3AE4F /* HashTable.h */; };
		97217DA63E6444749A245864 /* Grid.h in Headers */ = {isa = PBXBuildFile; fileRef = 12C5CFE0477640109CA406E1 /* Grid.h */; };
		54B81B29EDDB41828B73987C /* Simplex.h in Headers */ = {isa = PBXBuildFile; fileRef = 33E57A38D3D843B3B76C2008 /* Simplex.h */; };
		5E066B0AF3F34BCFB752BA04 /* imgui_demo.cpp in Sources */ = {isa = PBXBuildFile; fileRef = 92825743514A4F058C8DF6CD /* imgui_demo.cpp */; };
		2BF322F5A5AB4DD889B5B983 /* imgui_draw.cpp in Sources */ = {isa = PBXBuildFile; fileRef = 3C31307C51A54BE48819B4C4 /* imgui_draw.cpp */; };
		B3EB35AEE82C4BB7889CC460 /* imgui.cpp in Sources */ = {isa = PBXBuildFile; fileRef = F7A72E61B18147E6B219CDA9 /* imgui.cpp */; };
		32B4FE71285C4F669AA1C61A /* CinderImGui.cpp in Sources */ = {isa = PBXBuildFile; fileRef = 768270540E1E44B38763403D /* CinderImGui.cpp */; };
		3852F99C90AE450C833A14F0 /* imgui_internal.h in Headers */ = {isa = PBXBuildFile; fileRef = 46FA274D50C2479A8C362442 /* imgui_internal.h */; };
		3D870ECE86B744C19502C342 /* imgui.h in Headers */ = {isa = PBXBuildFile; fileRef = 95FDC4F1A1D74A56A953066A /* imgui.h */; };
		06BCD2AB7DA44A8895900483 /* imconfig.h in Headers */ = {isa = PBXBuildFile; fileRef = BA32EC0BC80745F487EBAA86 /* imconfig.h */; };
		CB6BFB89E08F4106A5D94198 /* imgui_user.inl in Headers */ = {isa = PBXBuildFile; fileRef = 75450A9204824662A95442F1 /* imgui_user.inl */; };
		AD4F7D159ECE4D4AA039259F /* imgui_user.h in Headers */ = {isa = PBXBuildFile; fileRef = 281CBA68A29341279DEED9EC /* imgui_user.h */; };
		EA63FF2A53BB45AFB05A4B03 /* CinderImGui.h in Headers */ = {isa = PBXBuildFile; fileRef = C251C69ACD8645D9B85CA03E /* CinderImGui.h */; };
		6F00680729824E84AC870276 /* CinderCereal.h in Headers */ = {isa = PBXBuildFile; fileRef = 5399F4E20859493CAC463854 /* CinderCereal.h */; };
		3CF4AC864B714C359BF78D54 /* TestProject_Prefix.pch in Headers */ = {isa = PBXBuildFile; fileRef = D96850A5D4684730852A4E41 /* TestProject_Prefix.pch */; };
		284E054C442D46F2B91FBEF4 /* LaunchScreen.xib in Resources */ = {isa = PBXBuildFile; fileRef = 7959C07651714E87B207F0F3 /* LaunchScreen.xib */; };
		A42742C77B154C229BB9D3FB /* Images.xcassets in Resources */ = {isa = PBXBuildFile; fileRef = A35D589824BE4EE793AE1B6C /* Images.xcassets */; };
		2B56C48C9C4C416D94EF90A1 /* CinderApp_ios.png in Resources */ = {isa = PBXBuildFile; fileRef = 753740AE65EE48FE98D402D0 /* CinderApp_ios.png */; };
		6C3DD43462604D4AA5D95C54 /* Resources.h in Headers */ = {isa = PBXBuildFile; fileRef = 048519750ED949CCBB2650AC /* Resources.h */; };
		D56EC58D71704B3B890047AE /* TestProjectApp.cpp in Sources */ = {isa = PBXBuildFile; fileRef = 51A204D4CA1D4AB2A340E3C1 /* TestProjectApp.cpp */; };
/* End PBXBuildFile section */

/* Begin PBXFileReference section */
		00692BCF14FF149000D0A05E /* TestProject.app */ = {isa = PBXFileReference; explicitFileType = wrapper.application; includeInIndex = 0; path = TestProject.app; sourceTree = BUILT_PRODUCTS_DIR; };
		0087D25412CD809F002CD69F /* CoreText.framework */ = {isa = PBXFileReference; lastKnownFileType = wrapper.framework; name = CoreText.framework; path = System/Library/Frameworks/CoreText.framework; sourceTree = SDKROOT; };
		00CFDF6A1138442D0091E310 /* CoreGraphics.framework */ = {isa = PBXFileReference; lastKnownFileType = wrapper.framework; name = CoreGraphics.framework; path = System/Library/Frameworks/CoreGraphics.framework; sourceTree = SDKROOT; };
		00CFDF6A1138442D0091FFFF /* ImageIO.framework */ = {isa = PBXFileReference; lastKnownFileType = wrapper.framework; name = ImageIO.framework; path = System/Library/Frameworks/ImageIO.framework; sourceTree = SDKROOT; };
		DDDDDF6A1138442D0091DDDD /* MobileCoreServices.framework */ = {isa = PBXFileReference; lastKnownFileType = wrapper.framework; name = MobileCoreServices.framework; path = System/Library/Frameworks/MobileCoreServices.framework; sourceTree = SDKROOT; };
		1D30AB110D05D00D00671497 /* Foundation.framework */ = {isa = PBXFileReference; lastKnownFileType = wrapper.framework; name = Foundation.framework; path = System/Library/Frameworks/Foundation.framework; sourceTree = SDKROOT; };
		1DF5F4DF0D08C38300B7A737 /* UIKit.framework */ = {isa = PBXFileReference; lastKnownFileType = wrapper.framework; name = UIKit.framework; path = System/Library/Frameworks/UIKit.framework; sourceTree = SDKROOT; };
		28FD14FF0DC6FC520079059D /* OpenGLES.framework */ = {isa = PBXFileReference; lastKnownFileType = wrapper.framework; name = OpenGLES.framework; path = System/Library/Frameworks/OpenGLES.framework; sourceTree = SDKROOT; };
		28FD15070DC6FC5B0079059D /* QuartzCore.framework */ = {isa = PBXFileReference; lastKnownFileType = wrapper.framework; name = QuartzCore.framework; path = System/Library/Frameworks/QuartzCore.framework; sourceTree = SDKROOT; };
		C725E000121DAC8F00FA186B /* AVFoundation.framework */ = {isa = PBXFileReference; lastKnownFileType = wrapper.framework; name = AVFoundation.framework; path = System/Library/Frameworks/AVFoundation.framework; sourceTree = SDKROOT; };
		C727C02B121B400300192073 /* CoreMedia.framework */ = {isa = PBXFileReference; lastKnownFileType = wrapper.framework; name = CoreMedia.framework; path = System/Library/Frameworks/CoreMedia.framework; sourceTree = SDKROOT; };
		C727C02D121B400300192073 /* CoreVideo.framework */ = {isa = PBXFileReference; lastKnownFileType = wrapper.framework; name = CoreVideo.framework; path = System/Library/Frameworks/CoreVideo.framework; sourceTree = SDKROOT; };
		C7FB19D5124BC0D70045AFD2 /* AudioToolbox.framework */ = {isa = PBXFileReference; lastKnownFileType = wrapper.framework; name = AudioToolbox.framework; path = System/Library/Frameworks/AudioToolbox.framework; sourceTree = SDKROOT; };
		00A66A351965AC8800B17EB3 /* Accelerate.framework */ = {isa = PBXFileReference; lastKnownFileType = wrapper.framework; name = Accelerate.framework; path = System/Library/Frameworks/Accelerate.framework; sourceTree = SDKROOT; };
		00748057165D41390024B57A /* assets */ = {isa = PBXFileReference; lastKnownFileType = folder; name = assets; path = ../assets; sourceTree = "<group>"; };
		51A204D4CA1D4AB2A340E3C1 /* TestProjectApp.cpp */ = {isa = PBXFileReference; lastKnownFileType = sourcecode.c.cpp; path = ../src/TestProjectApp.cpp; sourceTree = "<group>"; name = TestProjectApp.cpp; };
		048519750ED949CCBB2650AC /* Resources.h */ = {isa = PBXFileReference; lastKnownFileType = sourcecode.c.h; path = ../include/Resources.h; sourceTree = "<group>"; name = Resources.h; };
		753740AE65EE48FE98D402D0 /* CinderApp_ios.png */ = {isa = PBXFileReference; lastKnownFileType = "\"\""; path = ../resources/CinderApp_ios.png; sourceTree = "<group>"; name = CinderApp_ios.png; };
		A35D589824BE4EE793AE1B6C /* Images.xcassets */ = {isa = PBXFileReference; lastKnownFileType = "\"\""; path = Images.xcassets; sourceTree = "<group>"; name = Images.xcassets; };
		7959C07651714E87B207F0F3 /* LaunchScreen.xib */ = {isa = PBXFileReference; lastKnownFileType = "\"\""; path = LaunchScreen.xib; sourceTree = "<group>"; name = LaunchScreen.xib; };
		3CEE04F4A767487AA2A1EDFE /* Info.plist */ = {isa = PBXFileReference; lastKnownFileType = text.plist.xml; path = Info.plist; sourceTree = "<group>"; name = Info.plist; };
		D96850A5D4684730852A4E41 /* TestProject_Prefix.pch */ = {isa = PBXFileReference; lastKnownFileType = "\"\""; path = TestProject_Prefix.pch; sourceTree = "<group>"; name = TestProject_Prefix.pch; };
		5399F4E20859493CAC463854 /* CinderCereal.h */ = {isa = PBXFileReference; lastKnownFileType = sourcecode.c.h; path = "../../../cinder/blocks/Cinder-Cereal/include/CinderCereal.h"; sourceTree = "<group>"; name = CinderCereal.h; };
		C251C69ACD8645D9B85CA03E /* CinderImGui.h */ = {isa = PBXFileReference; lastKnownFileType = sourcecode.c.h; path = "../../../cinder/blocks/Cinder-ImGui/include/CinderImGui.h"; sourceTree = "<group>"; name = CinderImGui.h; };
		281CBA68A29341279DEED9EC /* imgui_user.h */ = {isa = PBXFileReference; lastKnownFileType = sourcecode.c.h; path = "../../../cinder/blocks/Cinder-ImGui/include/imgui_user.h"; sourceTree = "<group>"; name = imgui_user.h; };
		75450A9204824662A95442F1 /* imgui_user.inl */ = {isa = PBXFileReference; lastKnownFileType = "\"\""; path = "../../../cinder/blocks/Cinder-ImGui/include/imgui_user.inl"; sourceTree = "<group>"; name = imgui_user.inl; };
		BA32EC0BC80745F487EBAA86 /* imconfig.h */ = {isa = PBXFileReference; lastKnownFileType = sourcecode.c.h; path = "../../../cinder/blocks/Cinder-ImGui/lib/imgui/imconfig.h"; sourceTree = "<group>"; name = imconfig.h; };
		95FDC4F1A1D74A56A953066A /* imgui.h */ = {isa = PBXFileReference; lastKnownFileType = sourcecode.c.h; path = "../../../cinder/blocks/Cinder-ImGui/lib/imgui/imgui.h"; sourceTree = "<group>"; name = imgui.h; };
		46FA274D50C2479A8C362442 /* imgui_internal.h */ = {isa = PBXFileReference; lastKnownFileType = sourcecode.c.h; path = "../../../cinder/blocks/Cinder-ImGui/lib/imgui/imgui_internal.h"; sourceTree = "<group>"; name = imgui_internal.h; };
		768270540E1E44B38763403D /* CinderImGui.cpp */ = {isa = PBXFileReference; lastKnownFileType = sourcecode.c.cpp; path = "../../../cinder/blocks/Cinder-ImGui/src/CinderImGui.cpp"; sourceTree = "<group>"; name = CinderImGui.cpp; };
		F7A72E61B18147E6B219CDA9 /* imgui.cpp */ = {isa = PBXFileReference; lastKnownFileType = sourcecode.c.cpp; path = "../../../cinder/blocks/Cinder-ImGui/lib/imgui/imgui.cpp"; sourceTree = "<group>"; name = imgui.cpp; };
		3C31307C51A54BE48819B4C4 /* imgui_draw.cpp */ = {isa = PBXFileReference; lastKnownFileType = sourcecode.c.cpp; path = "../../../cinder/blocks/Cinder-ImGui/lib/imgui/imgui_draw.cpp"; sourceTree = "<group>"; name = imgui_draw.cpp; };
		92825743514A4F058C8DF6CD /* imgui_demo.cpp */ = {isa = PBXFileReference; lastKnownFileType = sourcecode.c.cpp; path = "../../../cinder/blocks/Cinder-ImGui/lib/imgui/imgui_demo.cpp"; sourceTree = "<group>"; name = imgui_demo.cpp; };
		33E57A38D3D843B3B76C2008 /* Simplex.h */ = {isa = PBXFileReference; lastKnownFileType = sourcecode.c.h; path = ../../../cinder/blocks/SimplexNoise/include/Simplex.h; sourceTree = "<group>"; name = Simplex.h; };
		12C5CFE0477640109CA406E1 /* Grid.h */ = {isa = PBXFileReference; lastKnownFileType = sourcecode.c.h; path = ../../../cinder/blocks/SpacePartitioning/include/sp/Grid.h; sourceTree = "<group>"; name = Grid.h; };
		EE19F4A67A1B4D8AB8D3AE4F /* HashTable.h */ = {isa = PBXFileReference; lastKnownFileType = sourcecode.c.h; path = ../../../cinder/blocks/SpacePartitioning/include/sp/HashTable.h; sourceTree = "<group>"; name = HashTable.h; };
		1CC35CAFC8934B409EEED6B1 /* KdTree.h */ = {isa = PBXFileReference; lastKnownFileType = sourcecode.c.h; path = ../../../cinder/blocks/SpacePartitioning/include/sp/KdTree.h; sourceTree = "<group>"; name = KdTree.h; };
		DA4BA65893DB499396CD074E /* Watchdog.h */ = {isa = PBXFileReference; lastKnownFileType = sourcecode.c.h; path = ../../../cinder/blocks/Watchdog/include/Watchdog.h; sourceTree = "<group>"; name = Watchdog.h; };
/* End PBXFileReference section */

/* Begin PBXFrameworksBuildPhase section */
		00692BCC14FF149000D0A05E /* Frameworks */ = {
			isa = PBXFrameworksBuildPhase;
			buildActionMask = 2147483647;
			files = (
				C725E001121DAC8F00FA186B /* AVFoundation.framework in Frameworks */,
				C725DFFE121DAC7F00FA186B /* CoreMedia.framework in Frameworks */,
				C725E001121DAC8FFFFA18FF /* ImageIO.framework in Frameworks */,
				DDDDE001121DAC8FFFFADDDD /* MobileCoreServices.framework in Frameworks */,
				1D60589F0D05DD5A006BFB54 /* Foundation.framework in Frameworks */,
				1DF5F4E00D08C38300B7A737 /* UIKit.framework in Frameworks */,
				28FD15000DC6FC520079059D /* OpenGLES.framework in Frameworks */,
				28FD15080DC6FC5B0079059D /* QuartzCore.framework in Frameworks */,
				00CFDF6B1138442D0091E310 /* CoreGraphics.framework in Frameworks */,
				C727C02E121B400300192073 /* CoreVideo.framework in Frameworks */,
				C7FB19D6124BC0D70045AFD2 /* AudioToolbox.framework in Frameworks */,
				00A66A361965AC8800B17EB3 /* Accelerate.framework in Frameworks */,
				0087D25512CD809F002CD69F /* CoreText.framework in Frameworks */,
			);
			runOnlyForDeploymentPostprocessing = 0;
		};
/* End PBXFrameworksBuildPhase section */

/* Begin PBXGroup section */
		00692BC414FF149000D0A05E = {
			isa = PBXGroup;
			children = (
				99692BD914FF149000DFFFFF /* Blocks */,
				99692BD914FF149000D0A05F /* Headers */,
				00692BD914FF149000D0A05E /* Source */,
				00692BD914FF149000D0FFFF /* Resources */,
				00692BD214FF149000D0A05E /* Frameworks */,
				00692BD014FF149000D0A05E /* Products */,
			);
			sourceTree = "<group>";
		};
		00692BD014FF149000D0A05E /* Products */ = {
			isa = PBXGroup;
			children = (
				00692BCF14FF149000D0A05E /* TestProject.app */,
			);
			name = Products;
			sourceTree = "<group>";
		};
		00692BD214FF149000D0A05E /* Frameworks */ = {
			isa = PBXGroup;
			children = (
				C7FB19D5124BC0D70045AFD2 /* AudioToolbox.framework */,
				00A66A351965AC8800B17EB3 /* Accelerate.framework */,
				C727C02B121B400300192073 /* CoreMedia.framework */,
				C727C02D121B400300192073 /* CoreVideo.framework */,
				28FD15070DC6FC5B0079059D /* QuartzCore.framework */,
				28FD14FF0DC6FC520079059D /* OpenGLES.framework */,
				1DF5F4DF0D08C38300B7A737 /* UIKit.framework */,
				1D30AB110D05D00D00671497 /* Foundation.framework */,
				00CFDF6A1138442D0091E310 /* CoreGraphics.framework */,
				00CFDF6A1138442D0091FFFF /* ImageIO.framework */,
				DDDDDF6A1138442D0091DDDD /* MobileCoreServices.framework */,
				C725E000121DAC8F00FA186B /* AVFoundation.framework */,
				0087D25412CD809F002CD69F /* CoreText.framework */,
			);
			name = Frameworks;
			sourceTree = "<group>";
		};
		404704B3A092414386F38CBF /* include */ = {
			isa = PBXGroup;
			children = (
				5399F4E20859493CAC463854 /* CinderCereal.h */,
			);
			name = include;
			sourceTree = "<group>";
		};
		F168EDF89BCA438897E27482 /* Cinder-Cereal */ = {
			isa = PBXGroup;
			children = (
				404704B3A092414386F38CBF /* include */,
			);
			name = "Cinder-Cereal";
			sourceTree = "<group>";
		};
		6B4A43B9515C41A1B2E7C0C3 /* include */ = {
			isa = PBXGroup;
			children = (
				C251C69ACD8645D9B85CA03E /* CinderImGui.h */,
				281CBA68A29341279DEED9EC /* imgui_user.h */,
				75450A9204824662A95442F1 /* imgui_user.inl */,
			);
			name = include;
			sourceTree = "<group>";
		};
		381D86D3D13A434FB00F3450 /* imgui */ = {
			isa = PBXGroup;
			children = (
				BA32EC0BC80745F487EBAA86 /* imconfig.h */,
				95FDC4F1A1D74A56A953066A /* imgui.h */,
				46FA274D50C2479A8C362442 /* imgui_internal.h */,
				F7A72E61B18147E6B219CDA9 /* imgui.cpp */,
				3C31307C51A54BE48819B4C4 /* imgui_draw.cpp */,
				92825743514A4F058C8DF6CD /* imgui_demo.cpp */,
			);
			name = imgui;
			sourceTree = "<group>";
		};
		378518AC352E45B4B88BDFBA /* lib */ = {
			isa = PBXGroup;
			children = (
				381D86D3D13A434FB00F3450 /* imgui */,
			);
			name = lib;
			sourceTree = "<group>";
		};
		30278D3EB5B1445EA3C79C4A /* src */ = {
			isa = PBXGroup;
			children = (
				768270540E1E44B38763403D /* CinderImGui.cpp */,
			);
			name = src;
			sourceTree = "<group>";
		};
		312A67CC57384A4697AE523F /* ImGui */ = {
			isa = PBXGroup;
			children = (
				6B4A43B9515C41A1B2E7C0C3 /* include */,
				378518AC352E45B4B88BDFBA /* lib */,
				30278D3EB5B1445EA3C79C4A /* src */,
			);
			name = ImGui;
			sourceTree = "<group>";
		};
		98A802A99FE54887A1342669 /* include */ = {
			isa = PBXGroup;
			children = (
				33E57A38D3D843B3B76C2008 /* Simplex.h */,
			);
			name = include;
			sourceTree = "<group>";
		};
		26CEFB93FB034654BFF19529 /* Simplex Noise */ = {
			isa = PBXGroup;
			children = (
				98A802A99FE54887A1342669 /* include */,
			);
			name = "Simplex Noise";
			sourceTree = "<group>";
		};
		35E0D6855A914CFF8EFE0849 /* sp */ = {
			isa = PBXGroup;
			children = (
				12C5CFE0477640109CA406E1 /* Grid.h */,
				EE19F4A67A1B4D8AB8D3AE4F /* HashTable.h */,
				1CC35CAFC8934B409EEED6B1 /* KdTree.h */,
			);
			name = sp;
			sourceTree = "<group>";
		};
		667A4BF060204DA587D95328 /* include */ = {
			isa = PBXGroup;
			children = (
				35E0D6855A914CFF8EFE0849 /* sp */,
			);
			name = include;
			sourceTree = "<group>";
		};
		B7463EFCCE644786A822AF47 /* SpacePartitioning */ = {
			isa = PBXGroup;
			children = (
				667A4BF060204DA587D95328 /* include */,
			);
			name = SpacePartitioning;
			sourceTree = "<group>";
		};
		E295326CB96F402184728D1B /* include */ = {
			isa = PBXGroup;
			children = (
				DA4BA65893DB499396CD074E /* Watchdog.h */,
			);
			name = include;
			sourceTree = "<group>";
		};
		A4F700BDF0DC486AA01D96F2 /* Watchdog */ = {
			isa = PBXGroup;
			children = (
				E295326CB96F402184728D1B /* include */,
			);
			name = Watchdog;
			sourceTree = "<group>";
		};
		99692BD914FF149000DFFFFF /* Blocks */ = {
			isa = PBXGroup;
			children = (
				F168EDF89BCA438897E27482 /* Cinder-Cereal */,
				312A67CC57384A4697AE523F /* ImGui */,
				26CEFB93FB034654BFF19529 /* Simplex Noise */,
				B7463EFCCE644786A822AF47 /* SpacePartitioning */,
				A4F700BDF0DC486AA01D96F2 /* Watchdog */,
			);
			name = Blocks;
			sourceTree = "<group>";
		};
		99692BD914FF149000D0A05F /* Headers */ = {
			isa = PBXGroup;
			children = (
				048519750ED949CCBB2650AC /* Resources.h */,
				D96850A5D4684730852A4E41 /* TestProject_Prefix.pch */,
			);
			name = Headers;
			sourceTree = "<group>";
		};
		00692BD914FF149000D0A05E /* Source */ = {
			isa = PBXGroup;
			children = (
				51A204D4CA1D4AB2A340E3C1 /* TestProjectApp.cpp */,
			);
			name = Source;
			sourceTree = "<group>";
		};
		00692BD914FF149000D0FFFF /* Resources */ = {
			isa = PBXGroup;
			children = (
				00748057165D41390024B57A /* assets */,
				753740AE65EE48FE98D402D0 /* CinderApp_ios.png */,
				A35D589824BE4EE793AE1B6C /* Images.xcassets */,
				7959C07651714E87B207F0F3 /* LaunchScreen.xib */,
				3CEE04F4A767487AA2A1EDFE /* Info.plist */,
			);
			name = Resources;
			sourceTree = "<group>";
		};
/* End PBXGroup section */

/* Begin PBXNativeTarget section */
		00692BCE14FF149000D0A05E /* TestProject */ = {
			isa = PBXNativeTarget;
			buildConfigurationList = 00692BF514FF149000D0A05E /* Build configuration list for PBXNativeTarget "TestProject" */;
			buildPhases = (
				00692BCB14FF149000D0A05E /* Sources */,
				00692BCC14FF149000D0A05E /* Frameworks */,
				00692BCD14FF149000D0A05E /* Resources */,
			);
			buildRules = (
			);
			dependencies = (
			);
			name = TestProject;
			productName = TestProject;
			productReference = 00692BCF14FF149000D0A05E /* TestProject.app */;
			productType = "com.apple.product-type.application";
		};
/* End PBXNativeTarget section */

/* Begin PBXProject section */
		00692BC614FF149000D0A05E /* Project object */ = {
			isa = PBXProject;
			buildConfigurationList = 00692BC914FF149000D0A05E /* Build configuration list for PBXProject "TestProject" */;
			compatibilityVersion = "Xcode 3.2";
			developmentRegion = English;
			hasScannedForEncodings = 0;
			knownRegions = (
				en,
			);
			mainGroup = 00692BC414FF149000D0A05E;
			productRefGroup = 00692BD014FF149000D0A05E /* Products */;
			projectDirPath = "";
			projectRoot = "";
			targets = (
				00692BCE14FF149000D0A05E /* TestProject */,
			);
		};
/* End PBXProject section */

/* Begin PBXResourcesBuildPhase section */
		00692BCD14FF149000D0A05E /* Resources */ = {
			isa = PBXResourcesBuildPhase;
			buildActionMask = 2147483647;
			files = (
				00748058165D41390024B57A /* assets in Resources */,
				2B56C48C9C4C416D94EF90A1 /* CinderApp_ios.png in Resources */,
				A42742C77B154C229BB9D3FB /* Images.xcassets in Resources */,
				284E054C442D46F2B91FBEF4 /* LaunchScreen.xib in Resources */,
			);
			runOnlyForDeploymentPostprocessing = 0;
		};
/* End PBXResourcesBuildPhase section */

/* Begin PBXSourcesBuildPhase section */
		00692BCB14FF149000D0A05E /* Sources */ = {
			isa = PBXSourcesBuildPhase;
			buildActionMask = 2147483647;
			files = (
				D56EC58D71704B3B890047AE /* TestProjectApp.cpp in Sources */,
				32B4FE71285C4F669AA1C61A /* CinderImGui.cpp in Sources */,
				B3EB35AEE82C4BB7889CC460 /* imgui.cpp in Sources */,
				2BF322F5A5AB4DD889B5B983 /* imgui_draw.cpp in Sources */,
				5E066B0AF3F34BCFB752BA04 /* imgui_demo.cpp in Sources */,
			);
			runOnlyForDeploymentPostprocessing = 0;
		};
/* End PBXSourcesBuildPhase section */

/* Begin XCBuildConfiguration section */
		00692BF314FF149000D0A05E /* Debug */ = {
			isa = XCBuildConfiguration;
			buildSettings = {
				ASSETCATALOG_COMPILER_LAUNCHIMAGE_NAME = "LaunchImage";
				DEAD_CODE_STRIPPING = YES;
				CLANG_CXX_LANGUAGE_STANDARD = "c++11";
				CLANG_CXX_LIBRARY = "libc++";
				ARCHS = "armv7 arm64";
				ALWAYS_SEARCH_USER_PATHS = NO;
				"CODE_SIGN_IDENTITY[sdk=iphoneos*]" = "iPhone Developer";
				COPY_PHASE_STRIP = NO;
				GCC_C_LANGUAGE_STANDARD = gnu99;
				GCC_DYNAMIC_NO_PIC = NO;
				GCC_OPTIMIZATION_LEVEL = 0;
				GCC_PREPROCESSOR_DEFINITIONS = (
					"DEBUG=1",
					"$(inherited)",
				);
				GCC_SYMBOLS_PRIVATE_EXTERN = NO;
				GCC_VERSION = com.apple.compilers.llvm.clang.1_0;
				GCC_WARN_ABOUT_MISSING_PROTOTYPES = YES;
				GCC_WARN_ABOUT_RETURN_TYPE = YES;
				GCC_WARN_UNUSED_VARIABLE = YES;
				IPHONEOS_DEPLOYMENT_TARGET = 6.0;
				SDKROOT = iphoneos;
				TARGETED_DEVICE_FAMILY = "1,2";
				CINDER_PATH = "../../../cinder";
				HEADER_SEARCH_PATHS = (
					"\"$(CINDER_PATH)/include\"",
					"\"../../../cinder/blocks/Cinder-Cereal/lib/cereal/include\"",
				);
				USER_HEADER_SEARCH_PATHS = (
					"\"$(CINDER_PATH)/include\" ../include",
					"\"../../../cinder/blocks/Cinder-Cereal/include\"",
					"\"../../../cinder/blocks/Cinder-ImGui/lib/imgui\"",
					"\"../../../cinder/blocks/Cinder-ImGui/include\"",
					../../../cinder/blocks/SimplexNoise/include,
					../../../cinder/blocks/SpacePartitioning/include,
					../../../cinder/blocks/Watchdog/include,
				);
			};
			name = Debug;
		};
		00692BF414FF149000D0A05E /* Release */ = {
			isa = XCBuildConfiguration;
			buildSettings = {
				ASSETCATALOG_COMPILER_LAUNCHIMAGE_NAME = "LaunchImage";
				DEAD_CODE_STRIPPING = YES;
				CLANG_CXX_LANGUAGE_STANDARD = "c++11";
				CLANG_CXX_LIBRARY = "libc++";
				ALWAYS_SEARCH_USER_PATHS = NO;
				ARCHS = "$(ARCHS_STANDARD)";
				"CODE_SIGN_IDENTITY[sdk=iphoneos*]" = "iPhone Developer";
				COPY_PHASE_STRIP = YES;
				GCC_C_LANGUAGE_STANDARD = gnu99;
				GCC_PREPROCESSOR_DEFINITIONS = (
					"NDEBUG=1",
					"$(inherited)",
				);
				GCC_VERSION = com.apple.compilers.llvm.clang.1_0;
				GCC_WARN_ABOUT_MISSING_PROTOTYPES = YES;
				GCC_WARN_ABOUT_RETURN_TYPE = YES;
				GCC_WARN_UNUSED_VARIABLE = YES;
				IPHONEOS_DEPLOYMENT_TARGET = 6.0;
				OTHER_CFLAGS = "-DNS_BLOCK_ASSERTIONS=1";
				SDKROOT = iphoneos;
				TARGETED_DEVICE_FAMILY = "1,2";
				VALIDATE_PRODUCT = YES;
				CINDER_PATH = "../../../cinder";
				HEADER_SEARCH_PATHS = (
					"\"$(CINDER_PATH)/include\"",
					"\"../../../cinder/blocks/Cinder-Cereal/lib/cereal/include\"",
				);
				USER_HEADER_SEARCH_PATHS = (
					"\"$(CINDER_PATH)/include\" ../include",
					"\"../../../cinder/blocks/Cinder-Cereal/include\"",
					"\"../../../cinder/blocks/Cinder-ImGui/lib/imgui\"",
					"\"../../../cinder/blocks/Cinder-ImGui/include\"",
					../../../cinder/blocks/SimplexNoise/include,
					../../../cinder/blocks/SpacePartitioning/include,
					../../../cinder/blocks/Watchdog/include,
				);
			};
			name = Release;
		};
		00692BF614FF149000D0A05E /* Debug */ = {
			isa = XCBuildConfiguration;
			buildSettings = {
				GCC_PRECOMPILE_PREFIX_HEADER = YES;
				GCC_PREFIX_HEADER = "TestProject_Prefix.pch";
				INFOPLIST_FILE = "Info.plist";
				PRODUCT_NAME = "$(TARGET_NAME)";
				WRAPPER_EXTENSION = app;
				"OTHER_LDFLAGS[sdk=iphoneos*][arch=*]" = (
					"\"$(CINDER_PATH)/lib/libcinder-iphone_d.a\"",
					"-lz",
				);
				"OTHER_LDFLAGS[sdk=iphonesimulator*][arch=*]" = (
					"\"$(CINDER_PATH)/lib/libcinder-iphone-sim_d.a\"",
					"-lz",
				);
			};
			name = Debug;
		};
		00692BF714FF149000D0A05E /* Release */ = {
			isa = XCBuildConfiguration;
			buildSettings = {
				GCC_PRECOMPILE_PREFIX_HEADER = YES;
				GCC_PREFIX_HEADER = "TestProject_Prefix.pch";
				INFOPLIST_FILE = "Info.plist";
				PRODUCT_NAME = "$(TARGET_NAME)";
				WRAPPER_EXTENSION = app;
				"OTHER_LDFLAGS[sdk=iphoneos*][arch=*]" = (
					"\"$(CINDER_PATH)/lib/libcinder-iphone.a\"",
					"-lz",
				);
				"OTHER_LDFLAGS[sdk=iphonesimulator*][arch=*]" = (
					"\"$(CINDER_PATH)/lib/libcinder-iphone-sim.a\"",
					"-lz",
				);
			};
			name = Release;
		};
/* End XCBuildConfiguration section */

/* Begin XCConfigurationList section */
		00692BC914FF149000D0A05E /* Build configuration list for PBXProject "TestProject" */ = {
			isa = XCConfigurationList;
			buildConfigurations = (
				00692BF314FF149000D0A05E /* Debug */,
				00692BF414FF149000D0A05E /* Release */,
			);
			defaultConfigurationIsVisible = 0;
			defaultConfigurationName = Release;
		};
		00692BF514FF149000D0A05E /* Build configuration list for PBXNativeTarget "TestProject" */ = {
			isa = XCConfigurationList;
			buildConfigurations = (
				00692BF614FF149000D0A05E /* Debug */,
				00692BF714FF149000D0A05E /* Release */,
			);
			defaultConfigurationIsVisible = 0;
			defaultConfigurationName = Release;
		};
/* End XCConfigurationList section */
	};
	rootObject = 00692BC614FF149000D0A05E /* Project object */;
}
