// !$*UTF8*$!
{
	archiveVersion = 1;
	classes = {
	};
	objectVersion = 46;
	objects = {

/* Begin PBXBuildFile section */
		0087D25512CD809F002CD69F /* CoreText.framework in Frameworks */ = {isa = PBXBuildFile; fileRef = 0087D25412CD809F002CD69F /* CoreText.framework */; };
		00CFDF6B1138442D0091E310 /* CoreGraphics.framework in Frameworks */ = {isa = PBXBuildFile; fileRef = 00CFDF6A1138442D0091E310 /* CoreGraphics.framework */; };
		C725E001121DAC8FFFFA18FF /* ImageIO.framework in Frameworks */ = {isa = PBXBuildFile; fileRef = 00CFDF6A1138442D0091FFFF /* ImageIO.framework */; };
		DDDDE001121DAC8FFFFADDDD /* MobileCoreServices.framework in Frameworks */ = {isa = PBXBuildFile; fileRef = DDDDDF6A1138442D0091DDDD /* MobileCoreServices.framework */; };
		1D60589F0D05DD5A006BFB54 /* Foundation.framework in Frameworks */ = {isa = PBXBuildFile; fileRef = 1D30AB110D05D00D00671497 /* Foundation.framework */; };
		1DF5F4E00D08C38300B7A737 /* UIKit.framework in Frameworks */ = {isa = PBXBuildFile; fileRef = 1DF5F4DF0D08C38300B7A737 /* UIKit.framework */; };
		28FD15000DC6FC520079059D /* OpenGLES.framework in Frameworks */ = {isa = PBXBuildFile; fileRef = 28FD14FF0DC6FC520079059D /* OpenGLES.framework */; };
		28FD15080DC6FC5B0079059D /* QuartzCore.framework in Frameworks */ = {isa = PBXBuildFile; fileRef = 28FD15070DC6FC5B0079059D /* QuartzCore.framework */; };
		C725DFFE121DAC7F00FA186B /* CoreMedia.framework in Frameworks */ = {isa = PBXBuildFile; fileRef = C727C02B121B400300192073 /* CoreMedia.framework */; settings = {
	ATTRIBUTES = (
		Weak,
	);
}; };
		C725E001121DAC8F00FA186B /* AVFoundation.framework in Frameworks */ = {isa = PBXBuildFile; fileRef = C725E000121DAC8F00FA186B /* AVFoundation.framework */; settings = {
	ATTRIBUTES = (
		Weak,
	);
}; };
		C727C02E121B400300192073 /* CoreVideo.framework in Frameworks */ = {isa = PBXBuildFile; fileRef = C727C02D121B400300192073 /* CoreVideo.framework */; settings = {
	ATTRIBUTES = (
		Weak,
	);
}; };
		C7FB19D6124BC0D70045AFD2 /* AudioToolbox.framework in Frameworks */ = {isa = PBXBuildFile; fileRef = C7FB19D5124BC0D70045AFD2 /* AudioToolbox.framework */; };
		00A66A361965AC8800B17EB3 /* Accelerate.framework in Frameworks */ = {isa = PBXBuildFile; fileRef = 00A66A351965AC8800B17EB3 /* Accelerate.framework */; };
		00748058165D41390024B57A /* assets in Resources */ = {isa = PBXBuildFile; fileRef = 00748057165D41390024B57A /* assets */; };
		4A62DEF559C54359B8F57898 /* imgui_demo.cpp in Sources */ = {isa = PBXBuildFile; fileRef = CCA0B7DFC9FE4FCC99ADCB6D /* imgui_demo.cpp */; };
		A7C73E417810405E86B8098F /* imgui_draw.cpp in Sources */ = {isa = PBXBuildFile; fileRef = 575F5CC1B23C4EBBA3AC7ECE /* imgui_draw.cpp */; };
		64CB8C313E10411FB93C084E /* imgui.cpp in Sources */ = {isa = PBXBuildFile; fileRef = A6CAB5F74A4C40D3A1A6933C /* imgui.cpp */; };
		0BE0F18F4157414BBCF3A464 /* CinderImGui.cpp in Sources */ = {isa = PBXBuildFile; fileRef = F822334B00CD46B19C54B541 /* CinderImGui.cpp */; };
		038D660609524B628A2020EE /* imgui_internal.h in Headers */ = {isa = PBXBuildFile; fileRef = 38B301FF64E840F5BCE80B77 /* imgui_internal.h */; };
		7E9234780C9344D084A0235B /* imgui.h in Headers */ = {isa = PBXBuildFile; fileRef = 8A5CFD5FA73B4B96BEEA4EF1 /* imgui.h */; };
		7CA78B3AA5A84AB99EBDBC45 /* imconfig.h in Headers */ = {isa = PBXBuildFile; fileRef = 23DE1DFFA8584EF581178805 /* imconfig.h */; };
		29C94AC8148C4C94A9AEB53F /* imgui_user.inl in Headers */ = {isa = PBXBuildFile; fileRef = 548D886644864CD2AB0CA061 /* imgui_user.inl */; };
		6FFF35F1D5AD420992604884 /* imgui_user.h in Headers */ = {isa = PBXBuildFile; fileRef = 482D7139A6F74B68BC6E49AF /* imgui_user.h */; };
		98F562A74FC24B75A00E1867 /* CinderImGui.h in Headers */ = {isa = PBXBuildFile; fileRef = A0B90FE9FB68456EB92D1FA3 /* CinderImGui.h */; };
		4FA5CDF66CA74338A3EF9CB5 /* ImGui_Prefix.pch in Headers */ = {isa = PBXBuildFile; fileRef = B28A4A9FDC8D43138848C30F /* ImGui_Prefix.pch */; };
		62995434150549A5A2FC7583 /* LaunchScreen.xib in Resources */ = {isa = PBXBuildFile; fileRef = F5CE658BD6FE485FA245D697 /* LaunchScreen.xib */; };
		BA47BF280B8649D6831C10E7 /* Images.xcassets in Resources */ = {isa = PBXBuildFile; fileRef = CF779585161A44E08C409F9D /* Images.xcassets */; };
		0654A604A50349EC8AF1BE87 /* CinderApp_ios.png in Resources */ = {isa = PBXBuildFile; fileRef = 5ADF1551F7594FD48F7FE0EF /* CinderApp_ios.png */; };
		DF4602A7198E47B3B8D1AB82 /* Resources.h in Headers */ = {isa = PBXBuildFile; fileRef = 493C9181CE4A4C5AB0974CCE /* Resources.h */; };
		15C2A8A1B4164AC9B4C89077 /* ImGuiApp.cpp in Sources */ = {isa = PBXBuildFile; fileRef = 65A0108049ED4478871FFD7A /* ImGuiApp.cpp */; };
/* End PBXBuildFile section */

/* Begin PBXFileReference section */
		00692BCF14FF149000D0A05E /* ImGui.app */ = {isa = PBXFileReference; explicitFileType = wrapper.application; includeInIndex = 0; path = ImGui.app; sourceTree = BUILT_PRODUCTS_DIR; };
		0087D25412CD809F002CD69F /* CoreText.framework */ = {isa = PBXFileReference; lastKnownFileType = wrapper.framework; name = CoreText.framework; path = System/Library/Frameworks/CoreText.framework; sourceTree = SDKROOT; };
		00CFDF6A1138442D0091E310 /* CoreGraphics.framework */ = {isa = PBXFileReference; lastKnownFileType = wrapper.framework; name = CoreGraphics.framework; path = System/Library/Frameworks/CoreGraphics.framework; sourceTree = SDKROOT; };
		00CFDF6A1138442D0091FFFF /* ImageIO.framework */ = {isa = PBXFileReference; lastKnownFileType = wrapper.framework; name = ImageIO.framework; path = System/Library/Frameworks/ImageIO.framework; sourceTree = SDKROOT; };
		DDDDDF6A1138442D0091DDDD /* MobileCoreServices.framework */ = {isa = PBXFileReference; lastKnownFileType = wrapper.framework; name = MobileCoreServices.framework; path = System/Library/Frameworks/MobileCoreServices.framework; sourceTree = SDKROOT; };
		1D30AB110D05D00D00671497 /* Foundation.framework */ = {isa = PBXFileReference; lastKnownFileType = wrapper.framework; name = Foundation.framework; path = System/Library/Frameworks/Foundation.framework; sourceTree = SDKROOT; };
		1DF5F4DF0D08C38300B7A737 /* UIKit.framework */ = {isa = PBXFileReference; lastKnownFileType = wrapper.framework; name = UIKit.framework; path = System/Library/Frameworks/UIKit.framework; sourceTree = SDKROOT; };
		28FD14FF0DC6FC520079059D /* OpenGLES.framework */ = {isa = PBXFileReference; lastKnownFileType = wrapper.framework; name = OpenGLES.framework; path = System/Library/Frameworks/OpenGLES.framework; sourceTree = SDKROOT; };
		28FD15070DC6FC5B0079059D /* QuartzCore.framework */ = {isa = PBXFileReference; lastKnownFileType = wrapper.framework; name = QuartzCore.framework; path = System/Library/Frameworks/QuartzCore.framework; sourceTree = SDKROOT; };
		C725E000121DAC8F00FA186B /* AVFoundation.framework */ = {isa = PBXFileReference; lastKnownFileType = wrapper.framework; name = AVFoundation.framework; path = System/Library/Frameworks/AVFoundation.framework; sourceTree = SDKROOT; };
		C727C02B121B400300192073 /* CoreMedia.framework */ = {isa = PBXFileReference; lastKnownFileType = wrapper.framework; name = CoreMedia.framework; path = System/Library/Frameworks/CoreMedia.framework; sourceTree = SDKROOT; };
		C727C02D121B400300192073 /* CoreVideo.framework */ = {isa = PBXFileReference; lastKnownFileType = wrapper.framework; name = CoreVideo.framework; path = System/Library/Frameworks/CoreVideo.framework; sourceTree = SDKROOT; };
		C7FB19D5124BC0D70045AFD2 /* AudioToolbox.framework */ = {isa = PBXFileReference; lastKnownFileType = wrapper.framework; name = AudioToolbox.framework; path = System/Library/Frameworks/AudioToolbox.framework; sourceTree = SDKROOT; };
		00A66A351965AC8800B17EB3 /* Accelerate.framework */ = {isa = PBXFileReference; lastKnownFileType = wrapper.framework; name = Accelerate.framework; path = System/Library/Frameworks/Accelerate.framework; sourceTree = SDKROOT; };
		00748057165D41390024B57A /* assets */ = {isa = PBXFileReference; lastKnownFileType = folder; name = assets; path = ../assets; sourceTree = "<group>"; };
		65A0108049ED4478871FFD7A /* ImGuiApp.cpp */ = {isa = PBXFileReference; lastKnownFileType = sourcecode.c.cpp; path = ../src/ImGuiApp.cpp; sourceTree = "<group>"; name = ImGuiApp.cpp; };
		493C9181CE4A4C5AB0974CCE /* Resources.h */ = {isa = PBXFileReference; lastKnownFileType = sourcecode.c.h; path = ../include/Resources.h; sourceTree = "<group>"; name = Resources.h; };
		5ADF1551F7594FD48F7FE0EF /* CinderApp_ios.png */ = {isa = PBXFileReference; lastKnownFileType = "\"\""; path = ../resources/CinderApp_ios.png; sourceTree = "<group>"; name = CinderApp_ios.png; };
		CF779585161A44E08C409F9D /* Images.xcassets */ = {isa = PBXFileReference; lastKnownFileType = "\"\""; path = Images.xcassets; sourceTree = "<group>"; name = Images.xcassets; };
		F5CE658BD6FE485FA245D697 /* LaunchScreen.xib */ = {isa = PBXFileReference; lastKnownFileType = "\"\""; path = LaunchScreen.xib; sourceTree = "<group>"; name = LaunchScreen.xib; };
		CCF2010780A64330AF5AE39F /* Info.plist */ = {isa = PBXFileReference; lastKnownFileType = text.plist.xml; path = Info.plist; sourceTree = "<group>"; name = Info.plist; };
		B28A4A9FDC8D43138848C30F /* ImGui_Prefix.pch */ = {isa = PBXFileReference; lastKnownFileType = "\"\""; path = ImGui_Prefix.pch; sourceTree = "<group>"; name = ImGui_Prefix.pch; };
		A0B90FE9FB68456EB92D1FA3 /* CinderImGui.h */ = {isa = PBXFileReference; lastKnownFileType = sourcecode.c.h; path = "../../../cinder/blocks/Cinder-ImGui/include/CinderImGui.h"; sourceTree = "<group>"; name = CinderImGui.h; };
		482D7139A6F74B68BC6E49AF /* imgui_user.h */ = {isa = PBXFileReference; lastKnownFileType = sourcecode.c.h; path = "../../../cinder/blocks/Cinder-ImGui/include/imgui_user.h"; sourceTree = "<group>"; name = imgui_user.h; };
		548D886644864CD2AB0CA061 /* imgui_user.inl */ = {isa = PBXFileReference; lastKnownFileType = "\"\""; path = "../../../cinder/blocks/Cinder-ImGui/include/imgui_user.inl"; sourceTree = "<group>"; name = imgui_user.inl; };
		23DE1DFFA8584EF581178805 /* imconfig.h */ = {isa = PBXFileReference; lastKnownFileType = sourcecode.c.h; path = "../../../cinder/blocks/Cinder-ImGui/lib/imgui/imconfig.h"; sourceTree = "<group>"; name = imconfig.h; };
		8A5CFD5FA73B4B96BEEA4EF1 /* imgui.h */ = {isa = PBXFileReference; lastKnownFileType = sourcecode.c.h; path = "../../../cinder/blocks/Cinder-ImGui/lib/imgui/imgui.h"; sourceTree = "<group>"; name = imgui.h; };
		38B301FF64E840F5BCE80B77 /* imgui_internal.h */ = {isa = PBXFileReference; lastKnownFileType = sourcecode.c.h; path = "../../../cinder/blocks/Cinder-ImGui/lib/imgui/imgui_internal.h"; sourceTree = "<group>"; name = imgui_internal.h; };
		F822334B00CD46B19C54B541 /* CinderImGui.cpp */ = {isa = PBXFileReference; lastKnownFileType = sourcecode.c.cpp; path = "../../../cinder/blocks/Cinder-ImGui/src/CinderImGui.cpp"; sourceTree = "<group>"; name = CinderImGui.cpp; };
		A6CAB5F74A4C40D3A1A6933C /* imgui.cpp */ = {isa = PBXFileReference; lastKnownFileType = sourcecode.c.cpp; path = "../../../cinder/blocks/Cinder-ImGui/lib/imgui/imgui.cpp"; sourceTree = "<group>"; name = imgui.cpp; };
		575F5CC1B23C4EBBA3AC7ECE /* imgui_draw.cpp */ = {isa = PBXFileReference; lastKnownFileType = sourcecode.c.cpp; path = "../../../cinder/blocks/Cinder-ImGui/lib/imgui/imgui_draw.cpp"; sourceTree = "<group>"; name = imgui_draw.cpp; };
		CCA0B7DFC9FE4FCC99ADCB6D /* imgui_demo.cpp */ = {isa = PBXFileReference; lastKnownFileType = sourcecode.c.cpp; path = "../../../cinder/blocks/Cinder-ImGui/lib/imgui/imgui_demo.cpp"; sourceTree = "<group>"; name = imgui_demo.cpp; };
/* End PBXFileReference section */

/* Begin PBXFrameworksBuildPhase section */
		00692BCC14FF149000D0A05E /* Frameworks */ = {
			isa = PBXFrameworksBuildPhase;
			buildActionMask = 2147483647;
			files = (
				C725E001121DAC8F00FA186B /* AVFoundation.framework in Frameworks */,
				C725DFFE121DAC7F00FA186B /* CoreMedia.framework in Frameworks */,
				C725E001121DAC8FFFFA18FF /* ImageIO.framework in Frameworks */,
				DDDDE001121DAC8FFFFADDDD /* MobileCoreServices.framework in Frameworks */,
				1D60589F0D05DD5A006BFB54 /* Foundation.framework in Frameworks */,
				1DF5F4E00D08C38300B7A737 /* UIKit.framework in Frameworks */,
				28FD15000DC6FC520079059D /* OpenGLES.framework in Frameworks */,
				28FD15080DC6FC5B0079059D /* QuartzCore.framework in Frameworks */,
				00CFDF6B1138442D0091E310 /* CoreGraphics.framework in Frameworks */,
				C727C02E121B400300192073 /* CoreVideo.framework in Frameworks */,
				C7FB19D6124BC0D70045AFD2 /* AudioToolbox.framework in Frameworks */,
				00A66A361965AC8800B17EB3 /* Accelerate.framework in Frameworks */,
				0087D25512CD809F002CD69F /* CoreText.framework in Frameworks */,
			);
			runOnlyForDeploymentPostprocessing = 0;
		};
/* End PBXFrameworksBuildPhase section */

/* Begin PBXGroup section */
		00692BC414FF149000D0A05E = {
			isa = PBXGroup;
			children = (
				99692BD914FF149000DFFFFF /* Blocks */,
				99692BD914FF149000D0A05F /* Headers */,
				00692BD914FF149000D0A05E /* Source */,
				00692BD914FF149000D0FFFF /* Resources */,
				00692BD214FF149000D0A05E /* Frameworks */,
				00692BD014FF149000D0A05E /* Products */,
			);
			sourceTree = "<group>";
		};
		00692BD014FF149000D0A05E /* Products */ = {
			isa = PBXGroup;
			children = (
				00692BCF14FF149000D0A05E /* ImGui.app */,
			);
			name = Products;
			sourceTree = "<group>";
		};
		00692BD214FF149000D0A05E /* Frameworks */ = {
			isa = PBXGroup;
			children = (
				C7FB19D5124BC0D70045AFD2 /* AudioToolbox.framework */,
				00A66A351965AC8800B17EB3 /* Accelerate.framework */,
				C727C02B121B400300192073 /* CoreMedia.framework */,
				C727C02D121B400300192073 /* CoreVideo.framework */,
				28FD15070DC6FC5B0079059D /* QuartzCore.framework */,
				28FD14FF0DC6FC520079059D /* OpenGLES.framework */,
				1DF5F4DF0D08C38300B7A737 /* UIKit.framework */,
				1D30AB110D05D00D00671497 /* Foundation.framework */,
				00CFDF6A1138442D0091E310 /* CoreGraphics.framework */,
				00CFDF6A1138442D0091FFFF /* ImageIO.framework */,
				DDDDDF6A1138442D0091DDDD /* MobileCoreServices.framework */,
				C725E000121DAC8F00FA186B /* AVFoundation.framework */,
				0087D25412CD809F002CD69F /* CoreText.framework */,
			);
			name = Frameworks;
			sourceTree = "<group>";
		};
		913AB952DFDD4166997A74E1 /* include */ = {
			isa = PBXGroup;
			children = (
				A0B90FE9FB68456EB92D1FA3 /* CinderImGui.h */,
				482D7139A6F74B68BC6E49AF /* imgui_user.h */,
				548D886644864CD2AB0CA061 /* imgui_user.inl */,
			);
			name = include;
			sourceTree = "<group>";
		};
		F04E11A20F0E40799EDCD940 /* imgui */ = {
			isa = PBXGroup;
			children = (
				23DE1DFFA8584EF581178805 /* imconfig.h */,
				8A5CFD5FA73B4B96BEEA4EF1 /* imgui.h */,
				38B301FF64E840F5BCE80B77 /* imgui_internal.h */,
				A6CAB5F74A4C40D3A1A6933C /* imgui.cpp */,
				575F5CC1B23C4EBBA3AC7ECE /* imgui_draw.cpp */,
				CCA0B7DFC9FE4FCC99ADCB6D /* imgui_demo.cpp */,
			);
			name = imgui;
			sourceTree = "<group>";
		};
		0F00D89BBB9D4C70932B48A2 /* lib */ = {
			isa = PBXGroup;
			children = (
				F04E11A20F0E40799EDCD940 /* imgui */,
			);
			name = lib;
			sourceTree = "<group>";
		};
		A553561996B54CC490FE2E63 /* src */ = {
			isa = PBXGroup;
			children = (
				F822334B00CD46B19C54B541 /* CinderImGui.cpp */,
			);
			name = src;
			sourceTree = "<group>";
		};
		80F1F06D7A8447E8841B84C3 /* ImGui */ = {
			isa = PBXGroup;
			children = (
				913AB952DFDD4166997A74E1 /* include */,
				0F00D89BBB9D4C70932B48A2 /* lib */,
				A553561996B54CC490FE2E63 /* src */,
			);
			name = ImGui;
			sourceTree = "<group>";
		};
		99692BD914FF149000DFFFFF /* Blocks */ = {
			isa = PBXGroup;
			children = (
				80F1F06D7A8447E8841B84C3 /* ImGui */,
			);
			name = Blocks;
			sourceTree = "<group>";
		};
		99692BD914FF149000D0A05F /* Headers */ = {
			isa = PBXGroup;
			children = (
				493C9181CE4A4C5AB0974CCE /* Resources.h */,
				B28A4A9FDC8D43138848C30F /* ImGui_Prefix.pch */,
			);
			name = Headers;
			sourceTree = "<group>";
		};
		00692BD914FF149000D0A05E /* Source */ = {
			isa = PBXGroup;
			children = (
				65A0108049ED4478871FFD7A /* ImGuiApp.cpp */,
			);
			name = Source;
			sourceTree = "<group>";
		};
		00692BD914FF149000D0FFFF /* Resources */ = {
			isa = PBXGroup;
			children = (
				00748057165D41390024B57A /* assets */,
				5ADF1551F7594FD48F7FE0EF /* CinderApp_ios.png */,
				CF779585161A44E08C409F9D /* Images.xcassets */,
				F5CE658BD6FE485FA245D697 /* LaunchScreen.xib */,
				CCF2010780A64330AF5AE39F /* Info.plist */,
			);
			name = Resources;
			sourceTree = "<group>";
		};
/* End PBXGroup section */

/* Begin PBXNativeTarget section */
		00692BCE14FF149000D0A05E /* ImGui */ = {
			isa = PBXNativeTarget;
			buildConfigurationList = 00692BF514FF149000D0A05E /* Build configuration list for PBXNativeTarget "ImGui" */;
			buildPhases = (
				00692BCB14FF149000D0A05E /* Sources */,
				00692BCC14FF149000D0A05E /* Frameworks */,
				00692BCD14FF149000D0A05E /* Resources */,
			);
			buildRules = (
			);
			dependencies = (
			);
			name = ImGui;
			productName = ImGui;
			productReference = 00692BCF14FF149000D0A05E /* ImGui.app */;
			productType = "com.apple.product-type.application";
		};
/* End PBXNativeTarget section */

/* Begin PBXProject section */
		00692BC614FF149000D0A05E /* Project object */ = {
			isa = PBXProject;
			buildConfigurationList = 00692BC914FF149000D0A05E /* Build configuration list for PBXProject "ImGui" */;
			compatibilityVersion = "Xcode 3.2";
			developmentRegion = English;
			hasScannedForEncodings = 0;
			knownRegions = (
				en,
			);
			mainGroup = 00692BC414FF149000D0A05E;
			productRefGroup = 00692BD014FF149000D0A05E /* Products */;
			projectDirPath = "";
			projectRoot = "";
			targets = (
				00692BCE14FF149000D0A05E /* ImGui */,
			);
		};
/* End PBXProject section */

/* Begin PBXResourcesBuildPhase section */
		00692BCD14FF149000D0A05E /* Resources */ = {
			isa = PBXResourcesBuildPhase;
			buildActionMask = 2147483647;
			files = (
				00748058165D41390024B57A /* assets in Resources */,
				0654A604A50349EC8AF1BE87 /* CinderApp_ios.png in Resources */,
				BA47BF280B8649D6831C10E7 /* Images.xcassets in Resources */,
				62995434150549A5A2FC7583 /* LaunchScreen.xib in Resources */,
			);
			runOnlyForDeploymentPostprocessing = 0;
		};
/* End PBXResourcesBuildPhase section */

/* Begin PBXSourcesBuildPhase section */
		00692BCB14FF149000D0A05E /* Sources */ = {
			isa = PBXSourcesBuildPhase;
			buildActionMask = 2147483647;
			files = (
				15C2A8A1B4164AC9B4C89077 /* ImGuiApp.cpp in Sources */,
				0BE0F18F4157414BBCF3A464 /* CinderImGui.cpp in Sources */,
				64CB8C313E10411FB93C084E /* imgui.cpp in Sources */,
				A7C73E417810405E86B8098F /* imgui_draw.cpp in Sources */,
				4A62DEF559C54359B8F57898 /* imgui_demo.cpp in Sources */,
			);
			runOnlyForDeploymentPostprocessing = 0;
		};
/* End PBXSourcesBuildPhase section */

/* Begin XCBuildConfiguration section */
		00692BF314FF149000D0A05E /* Debug */ = {
			isa = XCBuildConfiguration;
			buildSettings = {
				ASSETCATALOG_COMPILER_LAUNCHIMAGE_NAME = "LaunchImage";
				DEAD_CODE_STRIPPING = YES;
				CLANG_CXX_LANGUAGE_STANDARD = "c++11";
				CLANG_CXX_LIBRARY = "libc++";
				ARCHS = "armv7 arm64";
				ALWAYS_SEARCH_USER_PATHS = NO;
				"CODE_SIGN_IDENTITY[sdk=iphoneos*]" = "iPhone Developer";
				COPY_PHASE_STRIP = NO;
				GCC_C_LANGUAGE_STANDARD = gnu99;
				GCC_DYNAMIC_NO_PIC = NO;
				GCC_OPTIMIZATION_LEVEL = 0;
				GCC_PREPROCESSOR_DEFINITIONS = (
					"DEBUG=1",
					"$(inherited)",
				);
				GCC_SYMBOLS_PRIVATE_EXTERN = NO;
				GCC_VERSION = com.apple.compilers.llvm.clang.1_0;
				GCC_WARN_ABOUT_MISSING_PROTOTYPES = YES;
				GCC_WARN_ABOUT_RETURN_TYPE = YES;
				GCC_WARN_UNUSED_VARIABLE = YES;
				IPHONEOS_DEPLOYMENT_TARGET = 6.0;
				SDKROOT = iphoneos;
				TARGETED_DEVICE_FAMILY = "1,2";
				CINDER_PATH = "../../../cinder";
				HEADER_SEARCH_PATHS = "\"$(CINDER_PATH)/include\"";
				USER_HEADER_SEARCH_PATHS = (
					"\"$(CINDER_PATH)/include\" ../include",
					"\"../../../cinder/blocks/Cinder-ImGui/lib/imgui\"",
					"\"../../../cinder/blocks/Cinder-ImGui/include\"",
				);
			};
			name = Debug;
		};
		00692BF414FF149000D0A05E /* Release */ = {
			isa = XCBuildConfiguration;
			buildSettings = {
				ASSETCATALOG_COMPILER_LAUNCHIMAGE_NAME = "LaunchImage";
				DEAD_CODE_STRIPPING = YES;
				CLANG_CXX_LANGUAGE_STANDARD = "c++11";
				CLANG_CXX_LIBRARY = "libc++";
				ALWAYS_SEARCH_USER_PATHS = NO;
				ARCHS = "$(ARCHS_STANDARD)";
				"CODE_SIGN_IDENTITY[sdk=iphoneos*]" = "iPhone Developer";
				COPY_PHASE_STRIP = YES;
				GCC_C_LANGUAGE_STANDARD = gnu99;
				GCC_PREPROCESSOR_DEFINITIONS = (
					"NDEBUG=1",
					"$(inherited)",
				);
				GCC_VERSION = com.apple.compilers.llvm.clang.1_0;
				GCC_WARN_ABOUT_MISSING_PROTOTYPES = YES;
				GCC_WARN_ABOUT_RETURN_TYPE = YES;
				GCC_WARN_UNUSED_VARIABLE = YES;
				IPHONEOS_DEPLOYMENT_TARGET = 6.0;
				OTHER_CFLAGS = "-DNS_BLOCK_ASSERTIONS=1";
				SDKROOT = iphoneos;
				TARGETED_DEVICE_FAMILY = "1,2";
				VALIDATE_PRODUCT = YES;
				CINDER_PATH = "../../../cinder";
				HEADER_SEARCH_PATHS = "\"$(CINDER_PATH)/include\"";
				USER_HEADER_SEARCH_PATHS = (
					"\"$(CINDER_PATH)/include\" ../include",
					"\"../../../cinder/blocks/Cinder-ImGui/lib/imgui\"",
					"\"../../../cinder/blocks/Cinder-ImGui/include\"",
				);
			};
			name = Release;
		};
		00692BF614FF149000D0A05E /* Debug */ = {
			isa = XCBuildConfiguration;
			buildSettings = {
				GCC_PRECOMPILE_PREFIX_HEADER = YES;
				GCC_PREFIX_HEADER = "ImGui_Prefix.pch";
				INFOPLIST_FILE = "Info.plist";
				PRODUCT_NAME = "$(TARGET_NAME)";
				WRAPPER_EXTENSION = app;
				"OTHER_LDFLAGS[sdk=iphoneos*][arch=*]" = (
					"\"$(CINDER_PATH)/lib/libcinder-iphone_d.a\"",
					"-lz",
				);
				"OTHER_LDFLAGS[sdk=iphonesimulator*][arch=*]" = (
					"\"$(CINDER_PATH)/lib/libcinder-iphone-sim_d.a\"",
					"-lz",
				);
			};
			name = Debug;
		};
		00692BF714FF149000D0A05E /* Release */ = {
			isa = XCBuildConfiguration;
			buildSettings = {
				GCC_PRECOMPILE_PREFIX_HEADER = YES;
				GCC_PREFIX_HEADER = "ImGui_Prefix.pch";
				INFOPLIST_FILE = "Info.plist";
				PRODUCT_NAME = "$(TARGET_NAME)";
				WRAPPER_EXTENSION = app;
				"OTHER_LDFLAGS[sdk=iphoneos*][arch=*]" = (
					"\"$(CINDER_PATH)/lib/libcinder-iphone.a\"",
					"-lz",
				);
				"OTHER_LDFLAGS[sdk=iphonesimulator*][arch=*]" = (
					"\"$(CINDER_PATH)/lib/libcinder-iphone-sim.a\"",
					"-lz",
				);
			};
			name = Release;
		};
/* End XCBuildConfiguration section */

/* Begin XCConfigurationList section */
		00692BC914FF149000D0A05E /* Build configuration list for PBXProject "ImGui" */ = {
			isa = XCConfigurationList;
			buildConfigurations = (
				00692BF314FF149000D0A05E /* Debug */,
				00692BF414FF149000D0A05E /* Release */,
			);
			defaultConfigurationIsVisible = 0;
			defaultConfigurationName = Release;
		};
		00692BF514FF149000D0A05E /* Build configuration list for PBXNativeTarget "ImGui" */ = {
			isa = XCConfigurationList;
			buildConfigurations = (
				00692BF614FF149000D0A05E /* Debug */,
				00692BF714FF149000D0A05E /* Release */,
			);
			defaultConfigurationIsVisible = 0;
			defaultConfigurationName = Release;
		};
/* End XCConfigurationList section */
	};
	rootObject = 00692BC614FF149000D0A05E /* Project object */;
}
